// !$*UTF8*$!
{
	archiveVersion = 1;
	classes = {
	};
	objectVersion = 50;
	objects = {

/* Begin PBXBuildFile section */
		44D22DA624CAE19B00EA7D0A /* AppDelegate.swift in Sources */ = {isa = PBXBuildFile; fileRef = 44D22DA524CAE19B00EA7D0A /* AppDelegate.swift */; };
		44D22DAD24CAE19B00EA7D0A /* Main.storyboard in Resources */ = {isa = PBXBuildFile; fileRef = 44D22DAB24CAE19B00EA7D0A /* Main.storyboard */; };
		44D22DAF24CAE19E00EA7D0A /* Assets.xcassets in Resources */ = {isa = PBXBuildFile; fileRef = 44D22DAE24CAE19E00EA7D0A /* Assets.xcassets */; };
		44D22DB224CAE19E00EA7D0A /* LaunchScreen.storyboard in Resources */ = {isa = PBXBuildFile; fileRef = 44D22DB024CAE19E00EA7D0A /* LaunchScreen.storyboard */; };
		44D22DD024CAE63A00EA7D0A /* Home.storyboard in Resources */ = {isa = PBXBuildFile; fileRef = 44D22DCE24CAE63A00EA7D0A /* Home.storyboard */; };
		44D22DD224CAE66800EA7D0A /* Message.storyboard in Resources */ = {isa = PBXBuildFile; fileRef = 44D22DD124CAE66800EA7D0A /* Message.storyboard */; };
		44D22DD524CAE68C00EA7D0A /* Discovery.storyboard in Resources */ = {isa = PBXBuildFile; fileRef = 44D22DD324CAE68C00EA7D0A /* Discovery.storyboard */; };
		44D22DD724CAE6A000EA7D0A /* Profile.storyboard in Resources */ = {isa = PBXBuildFile; fileRef = 44D22DD624CAE6A000EA7D0A /* Profile.storyboard */; };
		44D22DD924CAE76100EA7D0A /* HomeViewController.swift in Sources */ = {isa = PBXBuildFile; fileRef = 44D22DD824CAE76100EA7D0A /* HomeViewController.swift */; };
		44D22DDB24CAE77200EA7D0A /* DiscoveryViewController.swift in Sources */ = {isa = PBXBuildFile; fileRef = 44D22DDA24CAE77200EA7D0A /* DiscoveryViewController.swift */; };
		44D22DDD24CAE77C00EA7D0A /* MessageViewController.swift in Sources */ = {isa = PBXBuildFile; fileRef = 44D22DDC24CAE77C00EA7D0A /* MessageViewController.swift */; };
		44D22DDF24CAE78E00EA7D0A /* ProfileViewController.swift in Sources */ = {isa = PBXBuildFile; fileRef = 44D22DDE24CAE78E00EA7D0A /* ProfileViewController.swift */; };
		44D22DE324CAEBC200EA7D0A /* UIButton-Extention.swift in Sources */ = {isa = PBXBuildFile; fileRef = 44D22DE224CAEBC200EA7D0A /* UIButton-Extention.swift */; };
		44D22DE524CAEC1E00EA7D0A /* MainController.swift in Sources */ = {isa = PBXBuildFile; fileRef = 44D22DE424CAEC1E00EA7D0A /* MainController.swift */; };
		44D22DE924CAECB700EA7D0A /* AddWB.storyboard in Resources */ = {isa = PBXBuildFile; fileRef = 44D22DE724CAECB700EA7D0A /* AddWB.storyboard */; };
		44D22DEB24CC279E00EA7D0A /* BaseViewController.swift in Sources */ = {isa = PBXBuildFile; fileRef = 44D22DEA24CC279E00EA7D0A /* BaseViewController.swift */; };
		44D22DED24CC297A00EA7D0A /* VisitorView.swift in Sources */ = {isa = PBXBuildFile; fileRef = 44D22DEC24CC297A00EA7D0A /* VisitorView.swift */; };
		44D22DEF24CC298500EA7D0A /* VisitorView.xib in Resources */ = {isa = PBXBuildFile; fileRef = 44D22DEE24CC298500EA7D0A /* VisitorView.xib */; };
		44D22DF124CD0E4C00EA7D0A /* UIBarButtonItem-Extention.swift in Sources */ = {isa = PBXBuildFile; fileRef = 44D22DF024CD0E4C00EA7D0A /* UIBarButtonItem-Extention.swift */; };
		44D22DF324CD110C00EA7D0A /* TitleBtn.swift in Sources */ = {isa = PBXBuildFile; fileRef = 44D22DF224CD110C00EA7D0A /* TitleBtn.swift */; };
		44D22DF824CD151F00EA7D0A /* PoperViewController.swift in Sources */ = {isa = PBXBuildFile; fileRef = 44D22DF624CD151F00EA7D0A /* PoperViewController.swift */; };
		44D22DF924CD151F00EA7D0A /* PoperViewController.xib in Resources */ = {isa = PBXBuildFile; fileRef = 44D22DF724CD151F00EA7D0A /* PoperViewController.xib */; };
		44D22DFB24CD1CA700EA7D0A /* PresentationContrller.swift in Sources */ = {isa = PBXBuildFile; fileRef = 44D22DFA24CD1CA700EA7D0A /* PresentationContrller.swift */; };
		44D22DFD24CD290400EA7D0A /* PoperAnimator.swift in Sources */ = {isa = PBXBuildFile; fileRef = 44D22DFC24CD290400EA7D0A /* PoperAnimator.swift */; };
/* End PBXBuildFile section */

/* Begin PBXFileReference section */
		44D22DA224CAE19B00EA7D0A /* weibo.app */ = {isa = PBXFileReference; explicitFileType = wrapper.application; includeInIndex = 0; path = weibo.app; sourceTree = BUILT_PRODUCTS_DIR; };
		44D22DA524CAE19B00EA7D0A /* AppDelegate.swift */ = {isa = PBXFileReference; lastKnownFileType = sourcecode.swift; path = AppDelegate.swift; sourceTree = "<group>"; };
		44D22DAC24CAE19B00EA7D0A /* Base */ = {isa = PBXFileReference; lastKnownFileType = file.storyboard; name = Base; path = Base.lproj/Main.storyboard; sourceTree = "<group>"; };
		44D22DAE24CAE19E00EA7D0A /* Assets.xcassets */ = {isa = PBXFileReference; lastKnownFileType = folder.assetcatalog; path = Assets.xcassets; sourceTree = "<group>"; };
		44D22DB124CAE19E00EA7D0A /* Base */ = {isa = PBXFileReference; lastKnownFileType = file.storyboard; name = Base; path = Base.lproj/LaunchScreen.storyboard; sourceTree = "<group>"; };
		44D22DB324CAE19F00EA7D0A /* Info.plist */ = {isa = PBXFileReference; lastKnownFileType = text.plist.xml; path = Info.plist; sourceTree = "<group>"; };
		44D22DCF24CAE63A00EA7D0A /* Base */ = {isa = PBXFileReference; lastKnownFileType = file.storyboard; name = Base; path = weibo/Base.lproj/Home.storyboard; sourceTree = "<group>"; };
		44D22DD124CAE66800EA7D0A /* Message.storyboard */ = {isa = PBXFileReference; fileEncoding = 4; lastKnownFileType = file.storyboard; path = Message.storyboard; sourceTree = "<group>"; };
		44D22DD424CAE68C00EA7D0A /* Base */ = {isa = PBXFileReference; lastKnownFileType = file.storyboard; name = Base; path = weibo/Base.lproj/Discovery.storyboard; sourceTree = "<group>"; };
		44D22DD624CAE6A000EA7D0A /* Profile.storyboard */ = {isa = PBXFileReference; fileEncoding = 4; lastKnownFileType = file.storyboard; path = Profile.storyboard; sourceTree = "<group>"; };
		44D22DD824CAE76100EA7D0A /* HomeViewController.swift */ = {isa = PBXFileReference; lastKnownFileType = sourcecode.swift; path = HomeViewController.swift; sourceTree = "<group>"; };
		44D22DDA24CAE77200EA7D0A /* DiscoveryViewController.swift */ = {isa = PBXFileReference; lastKnownFileType = sourcecode.swift; path = DiscoveryViewController.swift; sourceTree = "<group>"; };
		44D22DDC24CAE77C00EA7D0A /* MessageViewController.swift */ = {isa = PBXFileReference; lastKnownFileType = sourcecode.swift; path = MessageViewController.swift; sourceTree = "<group>"; };
		44D22DDE24CAE78E00EA7D0A /* ProfileViewController.swift */ = {isa = PBXFileReference; lastKnownFileType = sourcecode.swift; path = ProfileViewController.swift; sourceTree = "<group>"; };
		44D22DE224CAEBC200EA7D0A /* UIButton-Extention.swift */ = {isa = PBXFileReference; lastKnownFileType = sourcecode.swift; path = "UIButton-Extention.swift"; sourceTree = "<group>"; };
		44D22DE424CAEC1E00EA7D0A /* MainController.swift */ = {isa = PBXFileReference; lastKnownFileType = sourcecode.swift; path = MainController.swift; sourceTree = "<group>"; };
		44D22DE824CAECB700EA7D0A /* Base */ = {isa = PBXFileReference; lastKnownFileType = file.storyboard; name = Base; path = weibo/Base.lproj/AddWB.storyboard; sourceTree = "<group>"; };
		44D22DEA24CC279E00EA7D0A /* BaseViewController.swift */ = {isa = PBXFileReference; lastKnownFileType = sourcecode.swift; path = BaseViewController.swift; sourceTree = "<group>"; };
		44D22DEC24CC297A00EA7D0A /* VisitorView.swift */ = {isa = PBXFileReference; lastKnownFileType = sourcecode.swift; path = VisitorView.swift; sourceTree = "<group>"; };
		44D22DEE24CC298500EA7D0A /* VisitorView.xib */ = {isa = PBXFileReference; lastKnownFileType = file.xib; path = VisitorView.xib; sourceTree = "<group>"; };
		44D22DF024CD0E4C00EA7D0A /* UIBarButtonItem-Extention.swift */ = {isa = PBXFileReference; lastKnownFileType = sourcecode.swift; path = "UIBarButtonItem-Extention.swift"; sourceTree = "<group>"; };
		44D22DF224CD110C00EA7D0A /* TitleBtn.swift */ = {isa = PBXFileReference; lastKnownFileType = sourcecode.swift; path = TitleBtn.swift; sourceTree = "<group>"; };
		44D22DF624CD151F00EA7D0A /* PoperViewController.swift */ = {isa = PBXFileReference; lastKnownFileType = sourcecode.swift; path = PoperViewController.swift; sourceTree = "<group>"; };
		44D22DF724CD151F00EA7D0A /* PoperViewController.xib */ = {isa = PBXFileReference; lastKnownFileType = file.xib; path = PoperViewController.xib; sourceTree = "<group>"; };
		44D22DFA24CD1CA700EA7D0A /* PresentationContrller.swift */ = {isa = PBXFileReference; lastKnownFileType = sourcecode.swift; path = PresentationContrller.swift; sourceTree = "<group>"; };
		44D22DFC24CD290400EA7D0A /* PoperAnimator.swift */ = {isa = PBXFileReference; lastKnownFileType = sourcecode.swift; path = PoperAnimator.swift; sourceTree = "<group>"; };
/* End PBXFileReference section */

/* Begin PBXFrameworksBuildPhase section */
		44D22D9F24CAE19B00EA7D0A /* Frameworks */ = {
			isa = PBXFrameworksBuildPhase;
			buildActionMask = 2147483647;
			files = (
			);
			runOnlyForDeploymentPostprocessing = 0;
		};
/* End PBXFrameworksBuildPhase section */

/* Begin PBXGroup section */
		44D22D9924CAE19B00EA7D0A = {
			isa = PBXGroup;
			children = (
				44D22DA424CAE19B00EA7D0A /* weibo */,
				44D22DA324CAE19B00EA7D0A /* Products */,
			);
			sourceTree = "<group>";
		};
		44D22DA324CAE19B00EA7D0A /* Products */ = {
			isa = PBXGroup;
			children = (
				44D22DA224CAE19B00EA7D0A /* weibo.app */,
			);
			name = Products;
			sourceTree = "<group>";
		};
		44D22DA424CAE19B00EA7D0A /* weibo */ = {
			isa = PBXGroup;
			children = (
				44D22DB924CAE43800EA7D0A /* Class */,
				44D22DA524CAE19B00EA7D0A /* AppDelegate.swift */,
				44D22DAB24CAE19B00EA7D0A /* Main.storyboard */,
				44D22DAE24CAE19E00EA7D0A /* Assets.xcassets */,
				44D22DB024CAE19E00EA7D0A /* LaunchScreen.storyboard */,
				44D22DB324CAE19F00EA7D0A /* Info.plist */,
			);
			path = weibo;
			sourceTree = "<group>";
		};
		44D22DB924CAE43800EA7D0A /* Class */ = {
			isa = PBXGroup;
			children = (
				44D22DE624CAEC7100EA7D0A /* AddWB */,
				44D22DE024CAEB3800EA7D0A /* Tools */,
				44D22DBA24CAE43800EA7D0A /* Home */,
				44D22DBE24CAE43800EA7D0A /* Discovery */,
				44D22DC224CAE43800EA7D0A /* Message */,
				44D22DC624CAE43800EA7D0A /* Profile */,
				44D22DCA24CAE43800EA7D0A /* Main */,
			);
			path = Class;
			sourceTree = "<group>";
		};
		44D22DBA24CAE43800EA7D0A /* Home */ = {
			isa = PBXGroup;
			children = (
				44D22DCE24CAE63A00EA7D0A /* Home.storyboard */,
				44D22DBB24CAE43800EA7D0A /* Controller */,
				44D22DBC24CAE43800EA7D0A /* Model */,
				44D22DBD24CAE43800EA7D0A /* View */,
			);
			path = Home;
			sourceTree = "<group>";
		};
		44D22DBB24CAE43800EA7D0A /* Controller */ = {
			isa = PBXGroup;
			children = (
				44D22DD824CAE76100EA7D0A /* HomeViewController.swift */,
				44D22DF624CD151F00EA7D0A /* PoperViewController.swift */,
				44D22DF724CD151F00EA7D0A /* PoperViewController.xib */,
				44D22DFA24CD1CA700EA7D0A /* PresentationContrller.swift */,
			);
			path = Controller;
			sourceTree = "<group>";
		};
		44D22DBC24CAE43800EA7D0A /* Model */ = {
			isa = PBXGroup;
			children = (
			);
			path = Model;
			sourceTree = "<group>";
		};
		44D22DBD24CAE43800EA7D0A /* View */ = {
			isa = PBXGroup;
			children = (
				44D22DFC24CD290400EA7D0A /* PoperAnimator.swift */,
			);
			path = View;
			sourceTree = "<group>";
		};
		44D22DBE24CAE43800EA7D0A /* Discovery */ = {
			isa = PBXGroup;
			children = (
				44D22DD324CAE68C00EA7D0A /* Discovery.storyboard */,
				44D22DBF24CAE43800EA7D0A /* Controller */,
				44D22DC024CAE43800EA7D0A /* Model */,
				44D22DC124CAE43800EA7D0A /* View */,
			);
			path = Discovery;
			sourceTree = "<group>";
		};
		44D22DBF24CAE43800EA7D0A /* Controller */ = {
			isa = PBXGroup;
			children = (
				44D22DDA24CAE77200EA7D0A /* DiscoveryViewController.swift */,
			);
			path = Controller;
			sourceTree = "<group>";
		};
		44D22DC024CAE43800EA7D0A /* Model */ = {
			isa = PBXGroup;
			children = (
			);
			path = Model;
			sourceTree = "<group>";
		};
		44D22DC124CAE43800EA7D0A /* View */ = {
			isa = PBXGroup;
			children = (
			);
			path = View;
			sourceTree = "<group>";
		};
		44D22DC224CAE43800EA7D0A /* Message */ = {
			isa = PBXGroup;
			children = (
				44D22DD124CAE66800EA7D0A /* Message.storyboard */,
				44D22DC324CAE43800EA7D0A /* Controller */,
				44D22DC424CAE43800EA7D0A /* Model */,
				44D22DC524CAE43800EA7D0A /* View */,
			);
			path = Message;
			sourceTree = "<group>";
		};
		44D22DC324CAE43800EA7D0A /* Controller */ = {
			isa = PBXGroup;
			children = (
				44D22DDC24CAE77C00EA7D0A /* MessageViewController.swift */,
			);
			path = Controller;
			sourceTree = "<group>";
		};
		44D22DC424CAE43800EA7D0A /* Model */ = {
			isa = PBXGroup;
			children = (
			);
			path = Model;
			sourceTree = "<group>";
		};
		44D22DC524CAE43800EA7D0A /* View */ = {
			isa = PBXGroup;
			children = (
			);
			path = View;
			sourceTree = "<group>";
		};
		44D22DC624CAE43800EA7D0A /* Profile */ = {
			isa = PBXGroup;
			children = (
				44D22DD624CAE6A000EA7D0A /* Profile.storyboard */,
				44D22DC724CAE43800EA7D0A /* Controller */,
				44D22DC824CAE43800EA7D0A /* Model */,
				44D22DC924CAE43800EA7D0A /* View */,
			);
			path = Profile;
			sourceTree = "<group>";
		};
		44D22DC724CAE43800EA7D0A /* Controller */ = {
			isa = PBXGroup;
			children = (
				44D22DDE24CAE78E00EA7D0A /* ProfileViewController.swift */,
			);
			path = Controller;
			sourceTree = "<group>";
		};
		44D22DC824CAE43800EA7D0A /* Model */ = {
			isa = PBXGroup;
			children = (
			);
			path = Model;
			sourceTree = "<group>";
		};
		44D22DC924CAE43800EA7D0A /* View */ = {
			isa = PBXGroup;
			children = (
			);
			path = View;
			sourceTree = "<group>";
		};
		44D22DCA24CAE43800EA7D0A /* Main */ = {
			isa = PBXGroup;
			children = (
				44D22DCB24CAE43800EA7D0A /* Controller */,
				44D22DCC24CAE43800EA7D0A /* Model */,
				44D22DCD24CAE43800EA7D0A /* View */,
			);
			path = Main;
			sourceTree = "<group>";
		};
		44D22DCB24CAE43800EA7D0A /* Controller */ = {
			isa = PBXGroup;
			children = (
				44D22DE424CAEC1E00EA7D0A /* MainController.swift */,
				44D22DEA24CC279E00EA7D0A /* BaseViewController.swift */,
			);
			path = Controller;
			sourceTree = "<group>";
		};
		44D22DCC24CAE43800EA7D0A /* Model */ = {
			isa = PBXGroup;
			children = (
			);
			path = Model;
			sourceTree = "<group>";
		};
		44D22DCD24CAE43800EA7D0A /* View */ = {
			isa = PBXGroup;
			children = (
				44D22DEC24CC297A00EA7D0A /* VisitorView.swift */,
				44D22DEE24CC298500EA7D0A /* VisitorView.xib */,
			);
			path = View;
			sourceTree = "<group>";
		};
		44D22DE024CAEB3800EA7D0A /* Tools */ = {
			isa = PBXGroup;
			children = (
				44D22DE124CAEB5700EA7D0A /* Category */,
			);
			path = Tools;
			sourceTree = "<group>";
		};
		44D22DE124CAEB5700EA7D0A /* Category */ = {
			isa = PBXGroup;
			children = (
				44D22DE224CAEBC200EA7D0A /* UIButton-Extention.swift */,
				44D22DF024CD0E4C00EA7D0A /* UIBarButtonItem-Extention.swift */,
				44D22DF224CD110C00EA7D0A /* TitleBtn.swift */,
			);
			path = Category;
			sourceTree = "<group>";
		};
		44D22DE624CAEC7100EA7D0A /* AddWB */ = {
			isa = PBXGroup;
			children = (
				44D22DE724CAECB700EA7D0A /* AddWB.storyboard */,
			);
			path = AddWB;
			sourceTree = "<group>";
		};
/* End PBXGroup section */

/* Begin PBXNativeTarget section */
		44D22DA124CAE19B00EA7D0A /* weibo */ = {
			isa = PBXNativeTarget;
			buildConfigurationList = 44D22DB624CAE19F00EA7D0A /* Build configuration list for PBXNativeTarget "weibo" */;
			buildPhases = (
				44D22D9E24CAE19B00EA7D0A /* Sources */,
				44D22D9F24CAE19B00EA7D0A /* Frameworks */,
				44D22DA024CAE19B00EA7D0A /* Resources */,
			);
			buildRules = (
			);
			dependencies = (
			);
			name = weibo;
			productName = weibo;
			productReference = 44D22DA224CAE19B00EA7D0A /* weibo.app */;
			productType = "com.apple.product-type.application";
		};
/* End PBXNativeTarget section */

/* Begin PBXProject section */
		44D22D9A24CAE19B00EA7D0A /* Project object */ = {
			isa = PBXProject;
			attributes = {
				LastSwiftUpdateCheck = 1160;
				LastUpgradeCheck = 1160;
				ORGANIZATIONNAME = 2020;
				TargetAttributes = {
					44D22DA124CAE19B00EA7D0A = {
						CreatedOnToolsVersion = 11.6;
					};
				};
			};
			buildConfigurationList = 44D22D9D24CAE19B00EA7D0A /* Build configuration list for PBXProject "weibo" */;
			compatibilityVersion = "Xcode 9.3";
			developmentRegion = en;
			hasScannedForEncodings = 0;
			knownRegions = (
				en,
				Base,
			);
			mainGroup = 44D22D9924CAE19B00EA7D0A;
			productRefGroup = 44D22DA324CAE19B00EA7D0A /* Products */;
			projectDirPath = "";
			projectRoot = "";
			targets = (
				44D22DA124CAE19B00EA7D0A /* weibo */,
			);
		};
/* End PBXProject section */

/* Begin PBXResourcesBuildPhase section */
		44D22DA024CAE19B00EA7D0A /* Resources */ = {
			isa = PBXResourcesBuildPhase;
			buildActionMask = 2147483647;
			files = (
				44D22DB224CAE19E00EA7D0A /* LaunchScreen.storyboard in Resources */,
				44D22DE924CAECB700EA7D0A /* AddWB.storyboard in Resources */,
				44D22DAF24CAE19E00EA7D0A /* Assets.xcassets in Resources */,
				44D22DD224CAE66800EA7D0A /* Message.storyboard in Resources */,
				44D22DAD24CAE19B00EA7D0A /* Main.storyboard in Resources */,
				44D22DD024CAE63A00EA7D0A /* Home.storyboard in Resources */,
				44D22DD724CAE6A000EA7D0A /* Profile.storyboard in Resources */,
				44D22DD524CAE68C00EA7D0A /* Discovery.storyboard in Resources */,
				44D22DEF24CC298500EA7D0A /* VisitorView.xib in Resources */,
				44D22DF924CD151F00EA7D0A /* PoperViewController.xib in Resources */,
			);
			runOnlyForDeploymentPostprocessing = 0;
		};
/* End PBXResourcesBuildPhase section */

/* Begin PBXSourcesBuildPhase section */
		44D22D9E24CAE19B00EA7D0A /* Sources */ = {
			isa = PBXSourcesBuildPhase;
			buildActionMask = 2147483647;
			files = (
				44D22DF324CD110C00EA7D0A /* TitleBtn.swift in Sources */,
				44D22DE324CAEBC200EA7D0A /* UIButton-Extention.swift in Sources */,
				44D22DE524CAEC1E00EA7D0A /* MainController.swift in Sources */,
				44D22DA624CAE19B00EA7D0A /* AppDelegate.swift in Sources */,
				44D22DDB24CAE77200EA7D0A /* DiscoveryViewController.swift in Sources */,
				44D22DDF24CAE78E00EA7D0A /* ProfileViewController.swift in Sources */,
				44D22DEB24CC279E00EA7D0A /* BaseViewController.swift in Sources */,
				44D22DED24CC297A00EA7D0A /* VisitorView.swift in Sources */,
				44D22DDD24CAE77C00EA7D0A /* MessageViewController.swift in Sources */,
				44D22DFD24CD290400EA7D0A /* PoperAnimator.swift in Sources */,
				44D22DFB24CD1CA700EA7D0A /* PresentationContrller.swift in Sources */,
				44D22DF824CD151F00EA7D0A /* PoperViewController.swift in Sources */,
				44D22DD924CAE76100EA7D0A /* HomeViewController.swift in Sources */,
				44D22DF124CD0E4C00EA7D0A /* UIBarButtonItem-Extention.swift in Sources */,
			);
			runOnlyForDeploymentPostprocessing = 0;
		};
/* End PBXSourcesBuildPhase section */

/* Begin PBXVariantGroup section */
		44D22DAB24CAE19B00EA7D0A /* Main.storyboard */ = {
			isa = PBXVariantGroup;
			children = (
				44D22DAC24CAE19B00EA7D0A /* Base */,
			);
			name = Main.storyboard;
			sourceTree = "<group>";
		};
		44D22DB024CAE19E00EA7D0A /* LaunchScreen.storyboard */ = {
			isa = PBXVariantGroup;
			children = (
				44D22DB124CAE19E00EA7D0A /* Base */,
			);
			name = LaunchScreen.storyboard;
			sourceTree = "<group>";
		};
		44D22DCE24CAE63A00EA7D0A /* Home.storyboard */ = {
			isa = PBXVariantGroup;
			children = (
				44D22DCF24CAE63A00EA7D0A /* Base */,
			);
			name = Home.storyboard;
			sourceTree = "<group>";
		};
		44D22DD324CAE68C00EA7D0A /* Discovery.storyboard */ = {
			isa = PBXVariantGroup;
			children = (
				44D22DD424CAE68C00EA7D0A /* Base */,
			);
			name = Discovery.storyboard;
			sourceTree = "<group>";
		};
		44D22DE724CAECB700EA7D0A /* AddWB.storyboard */ = {
			isa = PBXVariantGroup;
			children = (
				44D22DE824CAECB700EA7D0A /* Base */,
			);
			name = AddWB.storyboard;
			sourceTree = "<group>";
		};
/* End PBXVariantGroup section */

/* Begin XCBuildConfiguration section */
		44D22DB424CAE19F00EA7D0A /* Debug */ = {
			isa = XCBuildConfiguration;
			buildSettings = {
				ALWAYS_SEARCH_USER_PATHS = NO;
				CLANG_ANALYZER_NONNULL = YES;
				CLANG_ANALYZER_NUMBER_OBJECT_CONVERSION = YES_AGGRESSIVE;
				CLANG_CXX_LANGUAGE_STANDARD = "gnu++14";
				CLANG_CXX_LIBRARY = "libc++";
				CLANG_ENABLE_MODULES = YES;
				CLANG_ENABLE_OBJC_ARC = YES;
				CLANG_ENABLE_OBJC_WEAK = YES;
				CLANG_WARN_BLOCK_CAPTURE_AUTORELEASING = YES;
				CLANG_WARN_BOOL_CONVERSION = YES;
				CLANG_WARN_COMMA = YES;
				CLANG_WARN_CONSTANT_CONVERSION = YES;
				CLANG_WARN_DEPRECATED_OBJC_IMPLEMENTATIONS = YES;
				CLANG_WARN_DIRECT_OBJC_ISA_USAGE = YES_ERROR;
				CLANG_WARN_DOCUMENTATION_COMMENTS = YES;
				CLANG_WARN_EMPTY_BODY = YES;
				CLANG_WARN_ENUM_CONVERSION = YES;
				CLANG_WARN_INFINITE_RECURSION = YES;
				CLANG_WARN_INT_CONVERSION = YES;
				CLANG_WARN_NON_LITERAL_NULL_CONVERSION = YES;
				CLANG_WARN_OBJC_IMPLICIT_RETAIN_SELF = YES;
				CLANG_WARN_OBJC_LITERAL_CONVERSION = YES;
				CLANG_WARN_OBJC_ROOT_CLASS = YES_ERROR;
				CLANG_WARN_RANGE_LOOP_ANALYSIS = YES;
				CLANG_WARN_STRICT_PROTOTYPES = YES;
				CLANG_WARN_SUSPICIOUS_MOVE = YES;
				CLANG_WARN_UNGUARDED_AVAILABILITY = YES_AGGRESSIVE;
				CLANG_WARN_UNREACHABLE_CODE = YES;
				CLANG_WARN__DUPLICATE_METHOD_MATCH = YES;
				COPY_PHASE_STRIP = NO;
				DEBUG_INFORMATION_FORMAT = dwarf;
				ENABLE_STRICT_OBJC_MSGSEND = YES;
				ENABLE_TESTABILITY = YES;
				GCC_C_LANGUAGE_STANDARD = gnu11;
				GCC_DYNAMIC_NO_PIC = NO;
				GCC_NO_COMMON_BLOCKS = YES;
				GCC_OPTIMIZATION_LEVEL = 0;
				GCC_PREPROCESSOR_DEFINITIONS = (
					"DEBUG=1",
					"$(inherited)",
				);
				GCC_WARN_64_TO_32_BIT_CONVERSION = YES;
				GCC_WARN_ABOUT_RETURN_TYPE = YES_ERROR;
				GCC_WARN_UNDECLARED_SELECTOR = YES;
				GCC_WARN_UNINITIALIZED_AUTOS = YES_AGGRESSIVE;
				GCC_WARN_UNUSED_FUNCTION = YES;
				GCC_WARN_UNUSED_VARIABLE = YES;
				IPHONEOS_DEPLOYMENT_TARGET = 13.6;
				MTL_ENABLE_DEBUG_INFO = INCLUDE_SOURCE;
				MTL_FAST_MATH = YES;
				ONLY_ACTIVE_ARCH = YES;
				SDKROOT = iphoneos;
				SWIFT_ACTIVE_COMPILATION_CONDITIONS = DEBUG;
				SWIFT_OPTIMIZATION_LEVEL = "-Onone";
			};
			name = Debug;
		};
		44D22DB524CAE19F00EA7D0A /* Release */ = {
			isa = XCBuildConfiguration;
			buildSettings = {
				ALWAYS_SEARCH_USER_PATHS = NO;
				CLANG_ANALYZER_NONNULL = YES;
				CLANG_ANALYZER_NUMBER_OBJECT_CONVERSION = YES_AGGRESSIVE;
				CLANG_CXX_LANGUAGE_STANDARD = "gnu++14";
				CLANG_CXX_LIBRARY = "libc++";
				CLANG_ENABLE_MODULES = YES;
				CLANG_ENABLE_OBJC_ARC = YES;
				CLANG_ENABLE_OBJC_WEAK = YES;
				CLANG_WARN_BLOCK_CAPTURE_AUTORELEASING = YES;
				CLANG_WARN_BOOL_CONVERSION = YES;
				CLANG_WARN_COMMA = YES;
				CLANG_WARN_CONSTANT_CONVERSION = YES;
				CLANG_WARN_DEPRECATED_OBJC_IMPLEMENTATIONS = YES;
				CLANG_WARN_DIRECT_OBJC_ISA_USAGE = YES_ERROR;
				CLANG_WARN_DOCUMENTATION_COMMENTS = YES;
				CLANG_WARN_EMPTY_BODY = YES;
				CLANG_WARN_ENUM_CONVERSION = YES;
				CLANG_WARN_INFINITE_RECURSION = YES;
				CLANG_WARN_INT_CONVERSION = YES;
				CLANG_WARN_NON_LITERAL_NULL_CONVERSION = YES;
				CLANG_WARN_OBJC_IMPLICIT_RETAIN_SELF = YES;
				CLANG_WARN_OBJC_LITERAL_CONVERSION = YES;
				CLANG_WARN_OBJC_ROOT_CLASS = YES_ERROR;
				CLANG_WARN_RANGE_LOOP_ANALYSIS = YES;
				CLANG_WARN_STRICT_PROTOTYPES = YES;
				CLANG_WARN_SUSPICIOUS_MOVE = YES;
				CLANG_WARN_UNGUARDED_AVAILABILITY = YES_AGGRESSIVE;
				CLANG_WARN_UNREACHABLE_CODE = YES;
				CLANG_WARN__DUPLICATE_METHOD_MATCH = YES;
				COPY_PHASE_STRIP = NO;
				DEBUG_INFORMATION_FORMAT = "dwarf-with-dsym";
				ENABLE_NS_ASSERTIONS = NO;
				ENABLE_STRICT_OBJC_MSGSEND = YES;
				GCC_C_LANGUAGE_STANDARD = gnu11;
				GCC_NO_COMMON_BLOCKS = YES;
				GCC_WARN_64_TO_32_BIT_CONVERSION = YES;
				GCC_WARN_ABOUT_RETURN_TYPE = YES_ERROR;
				GCC_WARN_UNDECLARED_SELECTOR = YES;
				GCC_WARN_UNINITIALIZED_AUTOS = YES_AGGRESSIVE;
				GCC_WARN_UNUSED_FUNCTION = YES;
				GCC_WARN_UNUSED_VARIABLE = YES;
				IPHONEOS_DEPLOYMENT_TARGET = 13.6;
				MTL_ENABLE_DEBUG_INFO = NO;
				MTL_FAST_MATH = YES;
				SDKROOT = iphoneos;
				SWIFT_COMPILATION_MODE = wholemodule;
				SWIFT_OPTIMIZATION_LEVEL = "-O";
				VALIDATE_PRODUCT = YES;
			};
			name = Release;
		};
		44D22DB724CAE19F00EA7D0A /* Debug */ = {
			isa = XCBuildConfiguration;
			buildSettings = {
				ASSETCATALOG_COMPILER_APPICON_NAME = AppIcon;
				CODE_SIGN_STYLE = Automatic;
				DEVELOPMENT_TEAM = 73V2KP2TYG;
				INFOPLIST_FILE = weibo/Info.plist;
				IPHONEOS_DEPLOYMENT_TARGET = 10.0;
				LD_RUNPATH_SEARCH_PATHS = (
					"$(inherited)",
					"@executable_path/Frameworks",
				);
				PRODUCT_BUNDLE_IDENTIFIER = fly.im.weibo;
				PRODUCT_NAME = "$(TARGET_NAME)";
				SWIFT_VERSION = 5.0;
				TARGETED_DEVICE_FAMILY = 1;
			};
			name = Debug;
		};
		44D22DB824CAE19F00EA7D0A /* Release */ = {
			isa = XCBuildConfiguration;
			buildSettings = {
				ASSETCATALOG_COMPILER_APPICON_NAME = AppIcon;
				CODE_SIGN_STYLE = Automatic;
				DEVELOPMENT_TEAM = 73V2KP2TYG;
				INFOPLIST_FILE = weibo/Info.plist;
				IPHONEOS_DEPLOYMENT_TARGET = 10.0;
				LD_RUNPATH_SEARCH_PATHS = (
					"$(inherited)",
					"@executable_path/Frameworks",
				);
				PRODUCT_BUNDLE_IDENTIFIER = fly.im.weibo;
				PRODUCT_NAME = "$(TARGET_NAME)";
				SWIFT_VERSION = 5.0;
				TARGETED_DEVICE_FAMILY = 1;
			};
			name = Release;
		};
/* End XCBuildConfiguration section */

/* Begin XCConfigurationList section */
		44D22D9D24CAE19B00EA7D0A /* Build configuration list for PBXProject "weibo" */ = {
			isa = XCConfigurationList;
			buildConfigurations = (
				44D22DB424CAE19F00EA7D0A /* Debug */,
				44D22DB524CAE19F00EA7D0A /* Release */,
			);
			defaultConfigurationIsVisible = 0;
			defaultConfigurationName = Release;
		};
		44D22DB624CAE19F00EA7D0A /* Build configuration list for PBXNativeTarget "weibo" */ = {
			isa = XCConfigurationList;
			buildConfigurations = (
				44D22DB724CAE19F00EA7D0A /* Debug */,
				44D22DB824CAE19F00EA7D0A /* Release */,
			);
			defaultConfigurationIsVisible = 0;
			defaultConfigurationName = Release;
		};
/* End XCConfigurationList section */
	};
	rootObject = 44D22D9A24CAE19B00EA7D0A /* Project object */;
}
